// !$*UTF8*$!
{
	archiveVersion = 1;
	classes = {
	};
	objectVersion = 46;
	objects = {

/* Begin PBXBuildFile section */
		95ECC2D81AE33B6400CA1712 /* AppDelegate.swift in Sources */ = {isa = PBXBuildFile; fileRef = 95ECC2D71AE33B6400CA1712 /* AppDelegate.swift */; };
		95ECC2DA1AE33B6400CA1712 /* ViewController.swift in Sources */ = {isa = PBXBuildFile; fileRef = 95ECC2D91AE33B6400CA1712 /* ViewController.swift */; };
		95ECC2DD1AE33B6400CA1712 /* Main.storyboard in Resources */ = {isa = PBXBuildFile; fileRef = 95ECC2DB1AE33B6400CA1712 /* Main.storyboard */; };
		95ECC2DF1AE33B6400CA1712 /* Images.xcassets in Resources */ = {isa = PBXBuildFile; fileRef = 95ECC2DE1AE33B6400CA1712 /* Images.xcassets */; };
		95ECC2E21AE33B6400CA1712 /* LaunchScreen.xib in Resources */ = {isa = PBXBuildFile; fileRef = 95ECC2E01AE33B6400CA1712 /* LaunchScreen.xib */; };
		95ECC2EE1AE33B6400CA1712 /* Photo_Gallery_AppTests.swift in Sources */ = {isa = PBXBuildFile; fileRef = 95ECC2ED1AE33B6400CA1712 /* Photo_Gallery_AppTests.swift */; };
/* End PBXBuildFile section */

/* Begin PBXContainerItemProxy section */
		95ECC2E81AE33B6400CA1712 /* PBXContainerItemProxy */ = {
			isa = PBXContainerItemProxy;
			containerPortal = 95ECC2CA1AE33B6300CA1712 /* Project object */;
			proxyType = 1;
			remoteGlobalIDString = 95ECC2D11AE33B6400CA1712;
			remoteInfo = "Photo Gallery App";
		};
/* End PBXContainerItemProxy section */

/* Begin PBXFileReference section */
		95ECC2D21AE33B6400CA1712 /* Photo Gallery App.app */ = {isa = PBXFileReference; explicitFileType = wrapper.application; includeInIndex = 0; path = "Photo Gallery App.app"; sourceTree = BUILT_PRODUCTS_DIR; };
		95ECC2D61AE33B6400CA1712 /* Info.plist */ = {isa = PBXFileReference; lastKnownFileType = text.plist.xml; path = Info.plist; sourceTree = "<group>"; };
		95ECC2D71AE33B6400CA1712 /* AppDelegate.swift */ = {isa = PBXFileReference; lastKnownFileType = sourcecode.swift; path = AppDelegate.swift; sourceTree = "<group>"; };
		95ECC2D91AE33B6400CA1712 /* ViewController.swift */ = {isa = PBXFileReference; lastKnownFileType = sourcecode.swift; path = ViewController.swift; sourceTree = "<group>"; };
		95ECC2DC1AE33B6400CA1712 /* Base */ = {isa = PBXFileReference; lastKnownFileType = file.storyboard; name = Base; path = Base.lproj/Main.storyboard; sourceTree = "<group>"; };
		95ECC2DE1AE33B6400CA1712 /* Images.xcassets */ = {isa = PBXFileReference; lastKnownFileType = folder.assetcatalog; path = Images.xcassets; sourceTree = "<group>"; };
		95ECC2E11AE33B6400CA1712 /* Base */ = {isa = PBXFileReference; lastKnownFileType = file.xib; name = Base; path = Base.lproj/LaunchScreen.xib; sourceTree = "<group>"; };
		95ECC2E71AE33B6400CA1712 /* Photo Gallery AppTests.xctest */ = {isa = PBXFileReference; explicitFileType = wrapper.cfbundle; includeInIndex = 0; path = "Photo Gallery AppTests.xctest"; sourceTree = BUILT_PRODUCTS_DIR; };
		95ECC2EC1AE33B6400CA1712 /* Info.plist */ = {isa = PBXFileReference; lastKnownFileType = text.plist.xml; path = Info.plist; sourceTree = "<group>"; };
		95ECC2ED1AE33B6400CA1712 /* Photo_Gallery_AppTests.swift */ = {isa = PBXFileReference; lastKnownFileType = sourcecode.swift; path = Photo_Gallery_AppTests.swift; sourceTree = "<group>"; };
/* End PBXFileReference section */

/* Begin PBXFrameworksBuildPhase section */
		95ECC2CF1AE33B6400CA1712 /* Frameworks */ = {
			isa = PBXFrameworksBuildPhase;
			buildActionMask = 2147483647;
			files = (
			);
			runOnlyForDeploymentPostprocessing = 0;
		};
		95ECC2E41AE33B6400CA1712 /* Frameworks */ = {
			isa = PBXFrameworksBuildPhase;
			buildActionMask = 2147483647;
			files = (
			);
			runOnlyForDeploymentPostprocessing = 0;
		};
/* End PBXFrameworksBuildPhase section */

/* Begin PBXGroup section */
		95ECC2C91AE33B6300CA1712 = {
			isa = PBXGroup;
			children = (
				95ECC2D41AE33B6400CA1712 /* Photo Gallery App */,
				95ECC2EA1AE33B6400CA1712 /* Photo Gallery AppTests */,
				95ECC2D31AE33B6400CA1712 /* Products */,
			);
			sourceTree = "<group>";
		};
		95ECC2D31AE33B6400CA1712 /* Products */ = {
			isa = PBXGroup;
			children = (
				95ECC2D21AE33B6400CA1712 /* Photo Gallery App.app */,
				95ECC2E71AE33B6400CA1712 /* Photo Gallery AppTests.xctest */,
			);
			name = Products;
			sourceTree = "<group>";
		};
		95ECC2D41AE33B6400CA1712 /* Photo Gallery App */ = {
			isa = PBXGroup;
			children = (
				95ECC2D71AE33B6400CA1712 /* AppDelegate.swift */,
				95ECC2D91AE33B6400CA1712 /* ViewController.swift */,
				95ECC2DB1AE33B6400CA1712 /* Main.storyboard */,
				95ECC2DE1AE33B6400CA1712 /* Images.xcassets */,
				95ECC2E01AE33B6400CA1712 /* LaunchScreen.xib */,
				95ECC2D51AE33B6400CA1712 /* Supporting Files */,
			);
			path = "Photo Gallery App";
			sourceTree = "<group>";
		};
		95ECC2D51AE33B6400CA1712 /* Supporting Files */ = {
			isa = PBXGroup;
			children = (
				95ECC2D61AE33B6400CA1712 /* Info.plist */,
			);
			name = "Supporting Files";
			sourceTree = "<group>";
		};
		95ECC2EA1AE33B6400CA1712 /* Photo Gallery AppTests */ = {
			isa = PBXGroup;
			children = (
				95ECC2ED1AE33B6400CA1712 /* Photo_Gallery_AppTests.swift */,
				95ECC2EB1AE33B6400CA1712 /* Supporting Files */,
			);
			path = "Photo Gallery AppTests";
			sourceTree = "<group>";
		};
		95ECC2EB1AE33B6400CA1712 /* Supporting Files */ = {
			isa = PBXGroup;
			children = (
				95ECC2EC1AE33B6400CA1712 /* Info.plist */,
			);
			name = "Supporting Files";
			sourceTree = "<group>";
		};
/* End PBXGroup section */

/* Begin PBXNativeTarget section */
		95ECC2D11AE33B6400CA1712 /* Photo Gallery App */ = {
			isa = PBXNativeTarget;
			buildConfigurationList = 95ECC2F11AE33B6400CA1712 /* Build configuration list for PBXNativeTarget "Photo Gallery App" */;
			buildPhases = (
				95ECC2CE1AE33B6400CA1712 /* Sources */,
				95ECC2CF1AE33B6400CA1712 /* Frameworks */,
				95ECC2D01AE33B6400CA1712 /* Resources */,
			);
			buildRules = (
			);
			dependencies = (
			);
			name = "Photo Gallery App";
			productName = "Photo Gallery App";
			productReference = 95ECC2D21AE33B6400CA1712 /* Photo Gallery App.app */;
			productType = "com.apple.product-type.application";
		};
		95ECC2E61AE33B6400CA1712 /* Photo Gallery AppTests */ = {
			isa = PBXNativeTarget;
			buildConfigurationList = 95ECC2F41AE33B6400CA1712 /* Build configuration list for PBXNativeTarget "Photo Gallery AppTests" */;
			buildPhases = (
				95ECC2E31AE33B6400CA1712 /* Sources */,
				95ECC2E41AE33B6400CA1712 /* Frameworks */,
				95ECC2E51AE33B6400CA1712 /* Resources */,
			);
			buildRules = (
			);
			dependencies = (
				95ECC2E91AE33B6400CA1712 /* PBXTargetDependency */,
			);
			name = "Photo Gallery AppTests";
			productName = "Photo Gallery AppTests";
			productReference = 95ECC2E71AE33B6400CA1712 /* Photo Gallery AppTests.xctest */;
			productType = "com.apple.product-type.bundle.unit-test";
		};
/* End PBXNativeTarget section */

/* Begin PBXProject section */
		95ECC2CA1AE33B6300CA1712 /* Project object */ = {
			isa = PBXProject;
			attributes = {
				LastUpgradeCheck = 0630;
				ORGANIZATIONNAME = "luyao ma";
				TargetAttributes = {
					95ECC2D11AE33B6400CA1712 = {
						CreatedOnToolsVersion = 6.3;
					};
					95ECC2E61AE33B6400CA1712 = {
						CreatedOnToolsVersion = 6.3;
						TestTargetID = 95ECC2D11AE33B6400CA1712;
					};
				};
			};
			buildConfigurationList = 95ECC2CD1AE33B6300CA1712 /* Build configuration list for PBXProject "Photo Gallery App" */;
			compatibilityVersion = "Xcode 3.2";
			developmentRegion = English;
			hasScannedForEncodings = 0;
			knownRegions = (
				en,
				Base,
			);
			mainGroup = 95ECC2C91AE33B6300CA1712;
			productRefGroup = 95ECC2D31AE33B6400CA1712 /* Products */;
			projectDirPath = "";
			projectRoot = "";
			targets = (
				95ECC2D11AE33B6400CA1712 /* Photo Gallery App */,
				95ECC2E61AE33B6400CA1712 /* Photo Gallery AppTests */,
			);
		};
/* End PBXProject section */

/* Begin PBXResourcesBuildPhase section */
		95ECC2D01AE33B6400CA1712 /* Resources */ = {
			isa = PBXResourcesBuildPhase;
			buildActionMask = 2147483647;
			files = (
				95ECC2DD1AE33B6400CA1712 /* Main.storyboard in Resources */,
				95ECC2E21AE33B6400CA1712 /* LaunchScreen.xib in Resources */,
				95ECC2DF1AE33B6400CA1712 /* Images.xcassets in Resources */,
			);
			runOnlyForDeploymentPostprocessing = 0;
		};
		95ECC2E51AE33B6400CA1712 /* Resources */ = {
			isa = PBXResourcesBuildPhase;
			buildActionMask = 2147483647;
			files = (
			);
			runOnlyForDeploymentPostprocessing = 0;
		};
/* End PBXResourcesBuildPhase section */

/* Begin PBXSourcesBuildPhase section */
		95ECC2CE1AE33B6400CA1712 /* Sources */ = {
			isa = PBXSourcesBuildPhase;
			buildActionMask = 2147483647;
			files = (
				95ECC2DA1AE33B6400CA1712 /* ViewController.swift in Sources */,
				95ECC2D81AE33B6400CA1712 /* AppDelegate.swift in Sources */,
			);
			runOnlyForDeploymentPostprocessing = 0;
		};
		95ECC2E31AE33B6400CA1712 /* Sources */ = {
			isa = PBXSourcesBuildPhase;
			buildActionMask = 2147483647;
			files = (
				95ECC2EE1AE33B6400CA1712 /* Photo_Gallery_AppTests.swift in Sources */,
			);
			runOnlyForDeploymentPostprocessing = 0;
		};
/* End PBXSourcesBuildPhase section */

/* Begin PBXTargetDependency section */
		95ECC2E91AE33B6400CA1712 /* PBXTargetDependency */ = {
			isa = PBXTargetDependency;
			target = 95ECC2D11AE33B6400CA1712 /* Photo Gallery App */;
			targetProxy = 95ECC2E81AE33B6400CA1712 /* PBXContainerItemProxy */;
		};
/* End PBXTargetDependency section */

/* Begin PBXVariantGroup section */
		95ECC2DB1AE33B6400CA1712 /* Main.storyboard */ = {
			isa = PBXVariantGroup;
			children = (
				95ECC2DC1AE33B6400CA1712 /* Base */,
			);
			name = Main.storyboard;
			sourceTree = "<group>";
		};
		95ECC2E01AE33B6400CA1712 /* LaunchScreen.xib */ = {
			isa = PBXVariantGroup;
			children = (
				95ECC2E11AE33B6400CA1712 /* Base */,
			);
			name = LaunchScreen.xib;
			sourceTree = "<group>";
		};
/* End PBXVariantGroup section */

/* Begin XCBuildConfiguration section */
		95ECC2EF1AE33B6400CA1712 /* Debug */ = {
			isa = XCBuildConfiguration;
			buildSettings = {
				ALWAYS_SEARCH_USER_PATHS = NO;
				CLANG_CXX_LANGUAGE_STANDARD = "gnu++0x";
				CLANG_CXX_LIBRARY = "libc++";
				CLANG_ENABLE_MODULES = YES;
				CLANG_ENABLE_OBJC_ARC = YES;
				CLANG_WARN_BOOL_CONVERSION = YES;
				CLANG_WARN_CONSTANT_CONVERSION = YES;
				CLANG_WARN_DIRECT_OBJC_ISA_USAGE = YES_ERROR;
				CLANG_WARN_EMPTY_BODY = YES;
				CLANG_WARN_ENUM_CONVERSION = YES;
				CLANG_WARN_INT_CONVERSION = YES;
				CLANG_WARN_OBJC_ROOT_CLASS = YES_ERROR;
				CLANG_WARN_UNREACHABLE_CODE = YES;
				CLANG_WARN__DUPLICATE_METHOD_MATCH = YES;
				"CODE_SIGN_IDENTITY[sdk=iphoneos*]" = "iPhone Developer";
				COPY_PHASE_STRIP = NO;
				DEBUG_INFORMATION_FORMAT = "dwarf-with-dsym";
				ENABLE_STRICT_OBJC_MSGSEND = YES;
				GCC_C_LANGUAGE_STANDARD = gnu99;
				GCC_DYNAMIC_NO_PIC = NO;
				GCC_NO_COMMON_BLOCKS = YES;
				GCC_OPTIMIZATION_LEVEL = 0;
				GCC_PREPROCESSOR_DEFINITIONS = (
					"DEBUG=1",
					"$(inherited)",
				);
				GCC_SYMBOLS_PRIVATE_EXTERN = NO;
				GCC_WARN_64_TO_32_BIT_CONVERSION = YES;
				GCC_WARN_ABOUT_RETURN_TYPE = YES_ERROR;
				GCC_WARN_UNDECLARED_SELECTOR = YES;
				GCC_WARN_UNINITIALIZED_AUTOS = YES_AGGRESSIVE;
				GCC_WARN_UNUSED_FUNCTION = YES;
				GCC_WARN_UNUSED_VARIABLE = YES;
				IPHONEOS_DEPLOYMENT_TARGET = 8.3;
				MTL_ENABLE_DEBUG_INFO = YES;
				ONLY_ACTIVE_ARCH = YES;
				SDKROOT = iphoneos;
				SWIFT_OPTIMIZATION_LEVEL = "-Onone";
				TARGETED_DEVICE_FAMILY = "1,2";
			};
			name = Debug;
		};
		95ECC2F01AE33B6400CA1712 /* Release */ = {
			isa = XCBuildConfiguration;
			buildSettings = {
				ALWAYS_SEARCH_USER_PATHS = NO;
				CLANG_CXX_LANGUAGE_STANDARD = "gnu++0x";
				CLANG_CXX_LIBRARY = "libc++";
				CLANG_ENABLE_MODULES = YES;
				CLANG_ENABLE_OBJC_ARC = YES;
				CLANG_WARN_BOOL_CONVERSION = YES;
				CLANG_WARN_CONSTANT_CONVERSION = YES;
				CLANG_WARN_DIRECT_OBJC_ISA_USAGE = YES_ERROR;
				CLANG_WARN_EMPTY_BODY = YES;
				CLANG_WARN_ENUM_CONVERSION = YES;
				CLANG_WARN_INT_CONVERSION = YES;
				CLANG_WARN_OBJC_ROOT_CLASS = YES_ERROR;
				CLANG_WARN_UNREACHABLE_CODE = YES;
				CLANG_WARN__DUPLICATE_METHOD_MATCH = YES;
				"CODE_SIGN_IDENTITY[sdk=iphoneos*]" = "iPhone Developer";
				COPY_PHASE_STRIP = NO;
				DEBUG_INFORMATION_FORMAT = "dwarf-with-dsym";
				ENABLE_NS_ASSERTIONS = NO;
				ENABLE_STRICT_OBJC_MSGSEND = YES;
				GCC_C_LANGUAGE_STANDARD = gnu99;
				GCC_NO_COMMON_BLOCKS = YES;
				GCC_WARN_64_TO_32_BIT_CONVERSION = YES;
				GCC_WARN_ABOUT_RETURN_TYPE = YES_ERROR;
				GCC_WARN_UNDECLARED_SELECTOR = YES;
				GCC_WARN_UNINITIALIZED_AUTOS = YES_AGGRESSIVE;
				GCC_WARN_UNUSED_FUNCTION = YES;
				GCC_WARN_UNUSED_VARIABLE = YES;
				IPHONEOS_DEPLOYMENT_TARGET = 8.3;
				MTL_ENABLE_DEBUG_INFO = NO;
				SDKROOT = iphoneos;
				TARGETED_DEVICE_FAMILY = "1,2";
				VALIDATE_PRODUCT = YES;
			};
			name = Release;
		};
		95ECC2F21AE33B6400CA1712 /* Debug */ = {
			isa = XCBuildConfiguration;
			buildSettings = {
				ASSETCATALOG_COMPILER_APPICON_NAME = AppIcon;
				INFOPLIST_FILE = "Photo Gallery App/Info.plist";
				LD_RUNPATH_SEARCH_PATHS = "$(inherited) @executable_path/Frameworks";
				PRODUCT_NAME = "$(TARGET_NAME)";
			};
			name = Debug;
		};
		95ECC2F31AE33B6400CA1712 /* Release */ = {
			isa = XCBuildConfiguration;
			buildSettings = {
				ASSETCATALOG_COMPILER_APPICON_NAME = AppIcon;
				INFOPLIST_FILE = "Photo Gallery App/Info.plist";
				LD_RUNPATH_SEARCH_PATHS = "$(inherited) @executable_path/Frameworks";
				PRODUCT_NAME = "$(TARGET_NAME)";
			};
			name = Release;
		};
		95ECC2F51AE33B6400CA1712 /* Debug */ = {
			isa = XCBuildConfiguration;
			buildSettings = {
				BUNDLE_LOADER = "$(TEST_HOST)";
				FRAMEWORK_SEARCH_PATHS = (
					"$(SDKROOT)/Developer/Library/Frameworks",
					"$(inherited)",
				);
				GCC_PREPROCESSOR_DEFINITIONS = (
					"DEBUG=1",
					"$(inherited)",
				);
				INFOPLIST_FILE = "Photo Gallery AppTests/Info.plist";
				LD_RUNPATH_SEARCH_PATHS = "$(inherited) @executable_path/Frameworks @loader_path/Frameworks";
				PRODUCT_NAME = "$(TARGET_NAME)";
				TEST_HOST = "$(BUILT_PRODUCTS_DIR)/Photo Gallery App.app/Photo Gallery App";
			};
			name = Debug;
		};
		95ECC2F61AE33B6400CA1712 /* Release */ = {
			isa = XCBuildConfiguration;
			buildSettings = {
				BUNDLE_LOADER = "$(TEST_HOST)";
				FRAMEWORK_SEARCH_PATHS = (
					"$(SDKROOT)/Developer/Library/Frameworks",
					"$(inherited)",
				);
				INFOPLIST_FILE = "Photo Gallery AppTests/Info.plist";
				LD_RUNPATH_SEARCH_PATHS = "$(inherited) @executable_path/Frameworks @loader_path/Frameworks";
				PRODUCT_NAME = "$(TARGET_NAME)";
				TEST_HOST = "$(BUILT_PRODUCTS_DIR)/Photo Gallery App.app/Photo Gallery App";
			};
			name = Release;
		};
/* End XCBuildConfiguration section */

/* Begin XCConfigurationList section */
		95ECC2CD1AE33B6300CA1712 /* Build configuration list for PBXProject "Photo Gallery App" */ = {
			isa = XCConfigurationList;
			buildConfigurations = (
				95ECC2EF1AE33B6400CA1712 /* Debug */,
				95ECC2F01AE33B6400CA1712 /* Release */,
			);
			defaultConfigurationIsVisible = 0;
			defaultConfigurationName = Release;
		};
		95ECC2F11AE33B6400CA1712 /* Build configuration list for PBXNativeTarget "Photo Gallery App" */ = {
			isa = XCConfigurationList;
			buildConfigurations = (
				95ECC2F21AE33B6400CA1712 /* Debug */,
				95ECC2F31AE33B6400CA1712 /* Release */,
			);
			defaultConfigurationIsVisible = 0;
		};
		95ECC2F41AE33B6400CA1712 /* Build configuration list for PBXNativeTarget "Photo Gallery AppTests" */ = {
			isa = XCConfigurationList;
			buildConfigurations = (
				95ECC2F51AE33B6400CA1712 /* Debug */,
				95ECC2F61AE33B6400CA1712 /* Release */,
			);
			defaultConfigurationIsVisible = 0;
		};
/* End XCConfigurationList section */
	};
	rootObject = 95ECC2CA1AE33B6300CA1712 /* Project object */;
}
